
Microsoft Visual Studio Solution File, Format Version 12.00
# Visual Studio Version 17
VisualStudioVersion = 17.14.37027.9 d17.14
MinimumVisualStudioVersion = 10.0.40219.1
Project("{888888A0-9F3D-457C-B088-3A5042F75D52}") = "AutoCareAI", "AutoCareAI\AutoCareAI.pyproj", "{A0BEB0F6-EB2D-4B3F-A53E-65058AD0E8A9}"
EndProject
Global
	GlobalSection(SolutionConfigurationPlatforms) = preSolution
		Debug|Any CPU = Debug|Any CPU
		Release|Any CPU = Release|Any CPU
	EndGlobalSection
	GlobalSection(ProjectConfigurationPlatforms) = postSolution
		{A0BEB0F6-EB2D-4B3F-A53E-65058AD0E8A9}.Debug|Any CPU.ActiveCfg = Debug|Any CPU
		{A0BEB0F6-EB2D-4B3F-A53E-65058AD0E8A9}.Debug|Any CPU.Build.0 = Debug|Any CPU
		{A0BEB0F6-EB2D-4B3F-A53E-65058AD0E8A9}.Release|Any CPU.ActiveCfg = Release|Any CPU
		{A0BEB0F6-EB2D-4B3F-A53E-65058AD0E8A9}.Release|Any CPU.Build.0 = Release|Any CPU
	EndGlobalSection
	GlobalSection(SolutionProperties) = preSolution
		HideSolutionNode = FALSE
	EndGlobalSection
	GlobalSection(ExtensibilityGlobals) = postSolution
		SolutionGuid = {52FA0DF2-CA67-46C8-8E38-B0127BB16B1C}
	EndGlobalSection
EndGlobal
